
Microsoft Visual Studio Solution File, Format Version 12.00
# Visual Studio Version 17
VisualStudioVersion = 17.8.34330.188
MinimumVisualStudioVersion = 10.0.40219.1
Project("{9A19103F-16F7-4668-BE54-9A1E7A4F7556}") = "WebApi", "WebApi\WebApi.csproj", "{E71C424A-29A6-4B56-992F-303E68085981}"
EndProject
Project("{9A19103F-16F7-4668-BE54-9A1E7A4F7556}") = "BusinessLogic", "BusinessLogic\BusinessLogic.csproj", "{3BA1DDC0-F4CD-4CDF-8417-4BA8FD5BD86C}"
EndProject
Project("{9A19103F-16F7-4668-BE54-9A1E7A4F7556}") = "DataAccess", "DataAccess\DataAccess.csproj", "{95868800-AC34-469D-BBEA-8FFEC67D42B4}"
EndProject
Project("{9A19103F-16F7-4668-BE54-9A1E7A4F7556}") = "BusinessLogic.UnitTests", "BusinessLogic.UnitTests\BusinessLogic.UnitTests.csproj", "{FC3CFD76-222D-4BD1-B7AC-EE61AB629DA6}"
EndProject
Project("{FAE04EC0-301F-11D3-BF4B-00C04F79EFBC}") = "WebApi.IntegrationTests", "WebApi.IntegrationTests\WebApi.IntegrationTests.csproj", "{FC376195-8698-417F-B722-885B53B9DB46}"
EndProject
Global
	GlobalSection(SolutionConfigurationPlatforms) = preSolution
		Debug|Any CPU = Debug|Any CPU
		Release|Any CPU = Release|Any CPU
	EndGlobalSection
	GlobalSection(ProjectConfigurationPlatforms) = postSolution
		{E71C424A-29A6-4B56-992F-303E68085981}.Debug|Any CPU.ActiveCfg = Debug|Any CPU
		{E71C424A-29A6-4B56-992F-303E68085981}.Debug|Any CPU.Build.0 = Debug|Any CPU
		{E71C424A-29A6-4B56-992F-303E68085981}.Release|Any CPU.ActiveCfg = Release|Any CPU
		{E71C424A-29A6-4B56-992F-303E68085981}.Release|Any CPU.Build.0 = Release|Any CPU
		{3BA1DDC0-F4CD-4CDF-8417-4BA8FD5BD86C}.Debug|Any CPU.ActiveCfg = Debug|Any CPU
		{3BA1DDC0-F4CD-4CDF-8417-4BA8FD5BD86C}.Debug|Any CPU.Build.0 = Debug|Any CPU
		{3BA1DDC0-F4CD-4CDF-8417-4BA8FD5BD86C}.Release|Any CPU.ActiveCfg = Release|Any CPU
		{3BA1DDC0-F4CD-4CDF-8417-4BA8FD5BD86C}.Release|Any CPU.Build.0 = Release|Any CPU
		{95868800-AC34-469D-BBEA-8FFEC67D42B4}.Debug|Any CPU.ActiveCfg = Debug|Any CPU
		{95868800-AC34-469D-BBEA-8FFEC67D42B4}.Debug|Any CPU.Build.0 = Debug|Any CPU
		{95868800-AC34-469D-BBEA-8FFEC67D42B4}.Release|Any CPU.ActiveCfg = Release|Any CPU
		{95868800-AC34-469D-BBEA-8FFEC67D42B4}.Release|Any CPU.Build.0 = Release|Any CPU
		{FC3CFD76-222D-4BD1-B7AC-EE61AB629DA6}.Debug|Any CPU.ActiveCfg = Debug|Any CPU
		{FC3CFD76-222D-4BD1-B7AC-EE61AB629DA6}.Debug|Any CPU.Build.0 = Debug|Any CPU
		{FC3CFD76-222D-4BD1-B7AC-EE61AB629DA6}.Release|Any CPU.ActiveCfg = Release|Any CPU
		{FC3CFD76-222D-4BD1-B7AC-EE61AB629DA6}.Release|Any CPU.Build.0 = Release|Any CPU
		{FC376195-8698-417F-B722-885B53B9DB46}.Debug|Any CPU.ActiveCfg = Debug|Any CPU
		{FC376195-8698-417F-B722-885B53B9DB46}.Debug|Any CPU.Build.0 = Debug|Any CPU
		{FC376195-8698-417F-B722-885B53B9DB46}.Release|Any CPU.ActiveCfg = Release|Any CPU
		{FC376195-8698-417F-B722-885B53B9DB46}.Release|Any CPU.Build.0 = Release|Any CPU
	EndGlobalSection
	GlobalSection(SolutionProperties) = preSolution
		HideSolutionNode = FALSE
	EndGlobalSection
	GlobalSection(ExtensibilityGlobals) = postSolution
		SolutionGuid = {78309798-AEFA-487C-A98E-0FAF28A339FB}
	EndGlobalSection
EndGlobal
